{
  "object": {
    "pins": [
      {
        "package": "EnnoUtil",
        "repositoryURL": "https://github.com/hiletmis/EnnoUtil.git",
        "state": {
          "branch": null,
          "revision": "40ea49cd9b33817362d7cac96423140cf2fdb90f",
          "version": "1.0.8"
        }
      }
    ]
  },
  "version": 1
}
